
Microsoft Visual Studio Solution File, Format Version 12.00
# Visual Studio Version 17
VisualStudioVersion = 17.4.33213.308
MinimumVisualStudioVersion = 10.0.40219.1
Project("{FAE04EC0-301F-11D3-BF4B-00C04F79EFBC}") = "PictureViewer", "PictureViewer.csproj", "{44FB51B5-9E50-418E-9AD0-89450E92F5E8}"
EndProject
Global
	GlobalSection(SolutionConfigurationPlatforms) = preSolution
		Debug|Any CPU = Debug|Any CPU
		Release|Any CPU = Release|Any CPU
	EndGlobalSection
	GlobalSection(ProjectConfigurationPlatforms) = postSolution
		{44FB51B5-9E50-418E-9AD0-89450E92F5E8}.Debug|Any CPU.ActiveCfg = Debug|Any CPU
		{44FB51B5-9E50-418E-9AD0-89450E92F5E8}.Debug|Any CPU.Build.0 = Debug|Any CPU
		{44FB51B5-9E50-418E-9AD0-89450E92F5E8}.Release|Any CPU.ActiveCfg = Release|Any CPU
		{44FB51B5-9E50-418E-9AD0-89450E92F5E8}.Release|Any CPU.Build.0 = Release|Any CPU
	EndGlobalSection
	GlobalSection(SolutionProperties) = preSolution
		HideSolutionNode = FALSE
	EndGlobalSection
	GlobalSection(ExtensibilityGlobals) = postSolution
		SolutionGuid = {307B26F8-1B6C-40A9-B27F-A99A32BF18AB}
	EndGlobalSection
EndGlobal
